
Microsoft Visual Studio Solution File, Format Version 12.00
# Visual Studio 15
VisualStudioVersion = 15.0.28010.2036
MinimumVisualStudioVersion = 10.0.40219.1
Project("{9A19103F-16F7-4668-BE54-9A1E7A4F7556}") = "AsyncInn", "AsyncInn\AsyncInn.csproj", "{D2008385-63BC-428E-9072-CF966EBDF046}"
EndProject
Project("{FAE04EC0-301F-11D3-BF4B-00C04F79EFBC}") = "XUnitTestAsyncInn", "XUnitTestAsyncInn\XUnitTestAsyncInn.csproj", "{E7DD3675-D8C7-43B7-8BAF-FA3916C89DBA}"
EndProject
Global
	GlobalSection(SolutionConfigurationPlatforms) = preSolution
		Debug|Any CPU = Debug|Any CPU
		Release|Any CPU = Release|Any CPU
	EndGlobalSection
	GlobalSection(ProjectConfigurationPlatforms) = postSolution
		{D2008385-63BC-428E-9072-CF966EBDF046}.Debug|Any CPU.ActiveCfg = Debug|Any CPU
		{D2008385-63BC-428E-9072-CF966EBDF046}.Debug|Any CPU.Build.0 = Debug|Any CPU
		{D2008385-63BC-428E-9072-CF966EBDF046}.Release|Any CPU.ActiveCfg = Release|Any CPU
		{D2008385-63BC-428E-9072-CF966EBDF046}.Release|Any CPU.Build.0 = Release|Any CPU
		{E7DD3675-D8C7-43B7-8BAF-FA3916C89DBA}.Debug|Any CPU.ActiveCfg = Debug|Any CPU
		{E7DD3675-D8C7-43B7-8BAF-FA3916C89DBA}.Debug|Any CPU.Build.0 = Debug|Any CPU
		{E7DD3675-D8C7-43B7-8BAF-FA3916C89DBA}.Release|Any CPU.ActiveCfg = Release|Any CPU
		{E7DD3675-D8C7-43B7-8BAF-FA3916C89DBA}.Release|Any CPU.Build.0 = Release|Any CPU
	EndGlobalSection
	GlobalSection(SolutionProperties) = preSolution
		HideSolutionNode = FALSE
	EndGlobalSection
	GlobalSection(ExtensibilityGlobals) = postSolution
		SolutionGuid = {E7430500-8A7D-4462-80B4-2B42A3A3AE5C}
	EndGlobalSection
EndGlobal
